
Microsoft Visual Studio Solution File, Format Version 12.00
# Visual Studio Version 17
VisualStudioVersion = 17.9.34518.117
MinimumVisualStudioVersion = 10.0.40219.1
Project("{9A19103F-16F7-4668-BE54-9A1E7A4F7556}") = "CYarp.Server", "CYarp.Server\CYarp.Server.csproj", "{61B5A073-AC00-4EC4-995F-969FC83E38A5}"
EndProject
Project("{9A19103F-16F7-4668-BE54-9A1E7A4F7556}") = "CYary.Client", "CYary.Client\CYary.Client.csproj", "{4DF5D174-4FCB-4DA2-96F8-D58E8C1FAFDA}"
EndProject
Project("{9A19103F-16F7-4668-BE54-9A1E7A4F7556}") = "CYarp.Hosting", "CYarp.Hosting\CYarp.Hosting.csproj", "{32F84C2D-0F70-4F51-8A75-3484285844DC}"
EndProject
Global
	GlobalSection(SolutionConfigurationPlatforms) = preSolution
		Debug|Any CPU = Debug|Any CPU
		Release|Any CPU = Release|Any CPU
	EndGlobalSection
	GlobalSection(ProjectConfigurationPlatforms) = postSolution
		{61B5A073-AC00-4EC4-995F-969FC83E38A5}.Debug|Any CPU.ActiveCfg = Debug|Any CPU
		{61B5A073-AC00-4EC4-995F-969FC83E38A5}.Debug|Any CPU.Build.0 = Debug|Any CPU
		{61B5A073-AC00-4EC4-995F-969FC83E38A5}.Release|Any CPU.ActiveCfg = Release|Any CPU
		{61B5A073-AC00-4EC4-995F-969FC83E38A5}.Release|Any CPU.Build.0 = Release|Any CPU
		{4DF5D174-4FCB-4DA2-96F8-D58E8C1FAFDA}.Debug|Any CPU.ActiveCfg = Debug|Any CPU
		{4DF5D174-4FCB-4DA2-96F8-D58E8C1FAFDA}.Debug|Any CPU.Build.0 = Debug|Any CPU
		{4DF5D174-4FCB-4DA2-96F8-D58E8C1FAFDA}.Release|Any CPU.ActiveCfg = Release|Any CPU
		{4DF5D174-4FCB-4DA2-96F8-D58E8C1FAFDA}.Release|Any CPU.Build.0 = Release|Any CPU
		{32F84C2D-0F70-4F51-8A75-3484285844DC}.Debug|Any CPU.ActiveCfg = Debug|Any CPU
		{32F84C2D-0F70-4F51-8A75-3484285844DC}.Debug|Any CPU.Build.0 = Debug|Any CPU
		{32F84C2D-0F70-4F51-8A75-3484285844DC}.Release|Any CPU.ActiveCfg = Release|Any CPU
		{32F84C2D-0F70-4F51-8A75-3484285844DC}.Release|Any CPU.Build.0 = Release|Any CPU
	EndGlobalSection
	GlobalSection(SolutionProperties) = preSolution
		HideSolutionNode = FALSE
	EndGlobalSection
	GlobalSection(ExtensibilityGlobals) = postSolution
		SolutionGuid = {1AB70BBE-452D-4C89-870A-192AF6858391}
	EndGlobalSection
EndGlobal
