
Microsoft Visual Studio Solution File, Format Version 12.00
# Visual Studio Version 17
VisualStudioVersion = 17.9.34518.117
MinimumVisualStudioVersion = 10.0.40219.1
Project("{9A19103F-16F7-4668-BE54-9A1E7A4F7556}") = "CYarp.Server", "CYarp.Server\CYarp.Server.csproj", "{61B5A073-AC00-4EC4-995F-969FC83E38A5}"
EndProject
Project("{9A19103F-16F7-4668-BE54-9A1E7A4F7556}") = "CYarp.Client", "CYarp.Client\CYarp.Client.csproj", "{24B3528F-F950-460D-8938-2DFF1F6CDC4A}"
EndProject
Project("{2150E333-8FDC-42A3-9474-1A3956D46DE8}") = "Host", "Host", "{543DF450-E9F2-409D-8A33-53D553E16CB8}"
EndProject
Project("{9A19103F-16F7-4668-BE54-9A1E7A4F7556}") = "CYarpServer", "Host\CYarpServer\CYarpServer.csproj", "{5C1264AA-FB1D-455A-85FE-CD57F95AED85}"
EndProject
Project("{9A19103F-16F7-4668-BE54-9A1E7A4F7556}") = "CYarpClient", "Host\CYarpClient\CYarpClient.csproj", "{B5CF1B29-70A2-47B3-9CC7-4D13B841D581}"
EndProject
Project("{8BC9CEB8-8B4A-11D0-8D11-00A0C91BC942}") = "CYarpClient.Native", "Host\CYarpClient.Native\CYarpClient.Native.vcxproj", "{06B58580-93DB-4B75-B5FA-CB1EF3AE9633}"
EndProject
Project("{9A19103F-16F7-4668-BE54-9A1E7A4F7556}") = "CYarpGateway", "Host\CYarpGateway\CYarpGateway.csproj", "{D0471529-99D7-4A4C-AE95-3CDDE9A9F127}"
EndProject
Project("{FAE04EC0-301F-11D3-BF4B-00C04F79EFBC}") = "CYarpBench", "Host\CYarpBench\CYarpBench.csproj", "{1D05987D-DE68-4BAA-B5E1-06D53ED736AF}"
EndProject
Global
	GlobalSection(SolutionConfigurationPlatforms) = preSolution
		Debug|Any CPU = Debug|Any CPU
		Debug|x64 = Debug|x64
		Debug|x86 = Debug|x86
		Release|Any CPU = Release|Any CPU
		Release|x64 = Release|x64
		Release|x86 = Release|x86
	EndGlobalSection
	GlobalSection(ProjectConfigurationPlatforms) = postSolution
		{61B5A073-AC00-4EC4-995F-969FC83E38A5}.Debug|Any CPU.ActiveCfg = Debug|Any CPU
		{61B5A073-AC00-4EC4-995F-969FC83E38A5}.Debug|Any CPU.Build.0 = Debug|Any CPU
		{61B5A073-AC00-4EC4-995F-969FC83E38A5}.Debug|x64.ActiveCfg = Debug|Any CPU
		{61B5A073-AC00-4EC4-995F-969FC83E38A5}.Debug|x64.Build.0 = Debug|Any CPU
		{61B5A073-AC00-4EC4-995F-969FC83E38A5}.Debug|x86.ActiveCfg = Debug|Any CPU
		{61B5A073-AC00-4EC4-995F-969FC83E38A5}.Debug|x86.Build.0 = Debug|Any CPU
		{61B5A073-AC00-4EC4-995F-969FC83E38A5}.Release|Any CPU.ActiveCfg = Release|Any CPU
		{61B5A073-AC00-4EC4-995F-969FC83E38A5}.Release|Any CPU.Build.0 = Release|Any CPU
		{61B5A073-AC00-4EC4-995F-969FC83E38A5}.Release|x64.ActiveCfg = Release|Any CPU
		{61B5A073-AC00-4EC4-995F-969FC83E38A5}.Release|x64.Build.0 = Release|Any CPU
		{61B5A073-AC00-4EC4-995F-969FC83E38A5}.Release|x86.ActiveCfg = Release|Any CPU
		{61B5A073-AC00-4EC4-995F-969FC83E38A5}.Release|x86.Build.0 = Release|Any CPU
		{24B3528F-F950-460D-8938-2DFF1F6CDC4A}.Debug|Any CPU.ActiveCfg = Debug|Any CPU
		{24B3528F-F950-460D-8938-2DFF1F6CDC4A}.Debug|Any CPU.Build.0 = Debug|Any CPU
		{24B3528F-F950-460D-8938-2DFF1F6CDC4A}.Debug|x64.ActiveCfg = Debug|Any CPU
		{24B3528F-F950-460D-8938-2DFF1F6CDC4A}.Debug|x64.Build.0 = Debug|Any CPU
		{24B3528F-F950-460D-8938-2DFF1F6CDC4A}.Debug|x86.ActiveCfg = Debug|Any CPU
		{24B3528F-F950-460D-8938-2DFF1F6CDC4A}.Debug|x86.Build.0 = Debug|Any CPU
		{24B3528F-F950-460D-8938-2DFF1F6CDC4A}.Release|Any CPU.ActiveCfg = Release|Any CPU
		{24B3528F-F950-460D-8938-2DFF1F6CDC4A}.Release|Any CPU.Build.0 = Release|Any CPU
		{24B3528F-F950-460D-8938-2DFF1F6CDC4A}.Release|x64.ActiveCfg = Release|Any CPU
		{24B3528F-F950-460D-8938-2DFF1F6CDC4A}.Release|x64.Build.0 = Release|Any CPU
		{24B3528F-F950-460D-8938-2DFF1F6CDC4A}.Release|x86.ActiveCfg = Release|Any CPU
		{24B3528F-F950-460D-8938-2DFF1F6CDC4A}.Release|x86.Build.0 = Release|Any CPU
		{5C1264AA-FB1D-455A-85FE-CD57F95AED85}.Debug|Any CPU.ActiveCfg = Debug|Any CPU
		{5C1264AA-FB1D-455A-85FE-CD57F95AED85}.Debug|Any CPU.Build.0 = Debug|Any CPU
		{5C1264AA-FB1D-455A-85FE-CD57F95AED85}.Debug|x64.ActiveCfg = Debug|Any CPU
		{5C1264AA-FB1D-455A-85FE-CD57F95AED85}.Debug|x64.Build.0 = Debug|Any CPU
		{5C1264AA-FB1D-455A-85FE-CD57F95AED85}.Debug|x86.ActiveCfg = Debug|Any CPU
		{5C1264AA-FB1D-455A-85FE-CD57F95AED85}.Debug|x86.Build.0 = Debug|Any CPU
		{5C1264AA-FB1D-455A-85FE-CD57F95AED85}.Release|Any CPU.ActiveCfg = Release|Any CPU
		{5C1264AA-FB1D-455A-85FE-CD57F95AED85}.Release|Any CPU.Build.0 = Release|Any CPU
		{5C1264AA-FB1D-455A-85FE-CD57F95AED85}.Release|x64.ActiveCfg = Release|Any CPU
		{5C1264AA-FB1D-455A-85FE-CD57F95AED85}.Release|x64.Build.0 = Release|Any CPU
		{5C1264AA-FB1D-455A-85FE-CD57F95AED85}.Release|x86.ActiveCfg = Release|Any CPU
		{5C1264AA-FB1D-455A-85FE-CD57F95AED85}.Release|x86.Build.0 = Release|Any CPU
		{B5CF1B29-70A2-47B3-9CC7-4D13B841D581}.Debug|Any CPU.ActiveCfg = Debug|Any CPU
		{B5CF1B29-70A2-47B3-9CC7-4D13B841D581}.Debug|Any CPU.Build.0 = Debug|Any CPU
		{B5CF1B29-70A2-47B3-9CC7-4D13B841D581}.Debug|x64.ActiveCfg = Debug|Any CPU
		{B5CF1B29-70A2-47B3-9CC7-4D13B841D581}.Debug|x64.Build.0 = Debug|Any CPU
		{B5CF1B29-70A2-47B3-9CC7-4D13B841D581}.Debug|x86.ActiveCfg = Debug|Any CPU
		{B5CF1B29-70A2-47B3-9CC7-4D13B841D581}.Debug|x86.Build.0 = Debug|Any CPU
		{B5CF1B29-70A2-47B3-9CC7-4D13B841D581}.Release|Any CPU.ActiveCfg = Release|Any CPU
		{B5CF1B29-70A2-47B3-9CC7-4D13B841D581}.Release|Any CPU.Build.0 = Release|Any CPU
		{B5CF1B29-70A2-47B3-9CC7-4D13B841D581}.Release|x64.ActiveCfg = Release|Any CPU
		{B5CF1B29-70A2-47B3-9CC7-4D13B841D581}.Release|x64.Build.0 = Release|Any CPU
		{B5CF1B29-70A2-47B3-9CC7-4D13B841D581}.Release|x86.ActiveCfg = Release|Any CPU
		{B5CF1B29-70A2-47B3-9CC7-4D13B841D581}.Release|x86.Build.0 = Release|Any CPU
		{06B58580-93DB-4B75-B5FA-CB1EF3AE9633}.Debug|Any CPU.ActiveCfg = Debug|x64
		{06B58580-93DB-4B75-B5FA-CB1EF3AE9633}.Debug|Any CPU.Build.0 = Debug|x64
		{06B58580-93DB-4B75-B5FA-CB1EF3AE9633}.Debug|x64.ActiveCfg = Debug|x64
		{06B58580-93DB-4B75-B5FA-CB1EF3AE9633}.Debug|x64.Build.0 = Debug|x64
		{06B58580-93DB-4B75-B5FA-CB1EF3AE9633}.Debug|x86.ActiveCfg = Debug|Win32
		{06B58580-93DB-4B75-B5FA-CB1EF3AE9633}.Debug|x86.Build.0 = Debug|Win32
		{06B58580-93DB-4B75-B5FA-CB1EF3AE9633}.Release|Any CPU.ActiveCfg = Release|x64
		{06B58580-93DB-4B75-B5FA-CB1EF3AE9633}.Release|Any CPU.Build.0 = Release|x64
		{06B58580-93DB-4B75-B5FA-CB1EF3AE9633}.Release|x64.ActiveCfg = Release|x64
		{06B58580-93DB-4B75-B5FA-CB1EF3AE9633}.Release|x64.Build.0 = Release|x64
		{06B58580-93DB-4B75-B5FA-CB1EF3AE9633}.Release|x86.ActiveCfg = Release|Win32
		{06B58580-93DB-4B75-B5FA-CB1EF3AE9633}.Release|x86.Build.0 = Release|Win32
		{D0471529-99D7-4A4C-AE95-3CDDE9A9F127}.Debug|Any CPU.ActiveCfg = Debug|Any CPU
		{D0471529-99D7-4A4C-AE95-3CDDE9A9F127}.Debug|Any CPU.Build.0 = Debug|Any CPU
		{D0471529-99D7-4A4C-AE95-3CDDE9A9F127}.Debug|x64.ActiveCfg = Debug|Any CPU
		{D0471529-99D7-4A4C-AE95-3CDDE9A9F127}.Debug|x64.Build.0 = Debug|Any CPU
		{D0471529-99D7-4A4C-AE95-3CDDE9A9F127}.Debug|x86.ActiveCfg = Debug|Any CPU
		{D0471529-99D7-4A4C-AE95-3CDDE9A9F127}.Debug|x86.Build.0 = Debug|Any CPU
		{D0471529-99D7-4A4C-AE95-3CDDE9A9F127}.Release|Any CPU.ActiveCfg = Release|Any CPU
		{D0471529-99D7-4A4C-AE95-3CDDE9A9F127}.Release|Any CPU.Build.0 = Release|Any CPU
		{D0471529-99D7-4A4C-AE95-3CDDE9A9F127}.Release|x64.ActiveCfg = Release|Any CPU
		{D0471529-99D7-4A4C-AE95-3CDDE9A9F127}.Release|x64.Build.0 = Release|Any CPU
		{D0471529-99D7-4A4C-AE95-3CDDE9A9F127}.Release|x86.ActiveCfg = Release|Any CPU
		{D0471529-99D7-4A4C-AE95-3CDDE9A9F127}.Release|x86.Build.0 = Release|Any CPU
		{1D05987D-DE68-4BAA-B5E1-06D53ED736AF}.Debug|Any CPU.ActiveCfg = Debug|Any CPU
		{1D05987D-DE68-4BAA-B5E1-06D53ED736AF}.Debug|Any CPU.Build.0 = Debug|Any CPU
		{1D05987D-DE68-4BAA-B5E1-06D53ED736AF}.Debug|x64.ActiveCfg = Debug|Any CPU
		{1D05987D-DE68-4BAA-B5E1-06D53ED736AF}.Debug|x64.Build.0 = Debug|Any CPU
		{1D05987D-DE68-4BAA-B5E1-06D53ED736AF}.Debug|x86.ActiveCfg = Debug|Any CPU
		{1D05987D-DE68-4BAA-B5E1-06D53ED736AF}.Debug|x86.Build.0 = Debug|Any CPU
		{1D05987D-DE68-4BAA-B5E1-06D53ED736AF}.Release|Any CPU.ActiveCfg = Release|Any CPU
		{1D05987D-DE68-4BAA-B5E1-06D53ED736AF}.Release|Any CPU.Build.0 = Release|Any CPU
		{1D05987D-DE68-4BAA-B5E1-06D53ED736AF}.Release|x64.ActiveCfg = Release|Any CPU
		{1D05987D-DE68-4BAA-B5E1-06D53ED736AF}.Release|x64.Build.0 = Release|Any CPU
		{1D05987D-DE68-4BAA-B5E1-06D53ED736AF}.Release|x86.ActiveCfg = Release|Any CPU
		{1D05987D-DE68-4BAA-B5E1-06D53ED736AF}.Release|x86.Build.0 = Release|Any CPU
	EndGlobalSection
	GlobalSection(SolutionProperties) = preSolution
		HideSolutionNode = FALSE
	EndGlobalSection
	GlobalSection(NestedProjects) = preSolution
		{5C1264AA-FB1D-455A-85FE-CD57F95AED85} = {543DF450-E9F2-409D-8A33-53D553E16CB8}
		{B5CF1B29-70A2-47B3-9CC7-4D13B841D581} = {543DF450-E9F2-409D-8A33-53D553E16CB8}
		{06B58580-93DB-4B75-B5FA-CB1EF3AE9633} = {543DF450-E9F2-409D-8A33-53D553E16CB8}
		{D0471529-99D7-4A4C-AE95-3CDDE9A9F127} = {543DF450-E9F2-409D-8A33-53D553E16CB8}
		{1D05987D-DE68-4BAA-B5E1-06D53ED736AF} = {543DF450-E9F2-409D-8A33-53D553E16CB8}
	EndGlobalSection
	GlobalSection(ExtensibilityGlobals) = postSolution
		SolutionGuid = {1AB70BBE-452D-4C89-870A-192AF6858391}
	EndGlobalSection
EndGlobal
