
Microsoft Visual Studio Solution File, Format Version 12.00
# Visual Studio Version 17
VisualStudioVersion = 17.9.34518.117
MinimumVisualStudioVersion = 10.0.40219.1
Project("{9A19103F-16F7-4668-BE54-9A1E7A4F7556}") = "CYarp.Server", "CYarp.Server\CYarp.Server.csproj", "{61B5A073-AC00-4EC4-995F-969FC83E38A5}"
EndProject
Project("{9A19103F-16F7-4668-BE54-9A1E7A4F7556}") = "CYarp.Client", "CYarp.Client\CYarp.Client.csproj", "{24B3528F-F950-460D-8938-2DFF1F6CDC4A}"
EndProject
Project("{2150E333-8FDC-42A3-9474-1A3956D46DE8}") = "Host", "Host", "{543DF450-E9F2-409D-8A33-53D553E16CB8}"
EndProject
Project("{9A19103F-16F7-4668-BE54-9A1E7A4F7556}") = "CYarpServer", "Host\CYarpServer\CYarpServer.csproj", "{5C1264AA-FB1D-455A-85FE-CD57F95AED85}"
EndProject
Project("{9A19103F-16F7-4668-BE54-9A1E7A4F7556}") = "CYarpClient", "Host\CYarpClient\CYarpClient.csproj", "{B5CF1B29-70A2-47B3-9CC7-4D13B841D581}"
EndProject
Project("{8BC9CEB8-8B4A-11D0-8D11-00A0C91BC942}") = "CYarpClient.Native", "Host\CYarpClient.Native\CYarpClient.Native.vcxproj", "{06B58580-93DB-4B75-B5FA-CB1EF3AE9633}"
EndProject
Project("{9A19103F-16F7-4668-BE54-9A1E7A4F7556}") = "CYarpGateway", "Host\CYarpGateway\CYarpGateway.csproj", "{D0471529-99D7-4A4C-AE95-3CDDE9A9F127}"
EndProject
Project("{9A19103F-16F7-4668-BE54-9A1E7A4F7556}") = "CYarpBench", "Host\CYarpBench\CYarpBench.csproj", "{1D05987D-DE68-4BAA-B5E1-06D53ED736AF}"
EndProject
Project("{FAE04EC0-301F-11D3-BF4B-00C04F79EFBC}") = "CYarp.Client.AspNetCore", "CYarp.Client.AspNetCore\CYarp.Client.AspNetCore.csproj", "{9D6CE7B3-759D-4F00-9A88-37A06124298A}"
EndProject
Project("{FAE04EC0-301F-11D3-BF4B-00C04F79EFBC}") = "CYarpClientAspNetCore", "Host\CYarpClientAspNetCore\CYarpClientAspNetCore.csproj", "{38EBAC9B-2D21-4915-A134-17EDB64FBB96}"
EndProject
Project("{2150E333-8FDC-42A3-9474-1A3956D46DE8}") = "samples", "samples", "{02EA681E-C7D8-13C7-8484-4AC65E1B71E8}"
EndProject
Project("{2150E333-8FDC-42A3-9474-1A3956D46DE8}") = "aspnet-sites-tunnel", "aspnet-sites-tunnel", "{1C045261-DF28-4C62-BED5-D1F32D2D116E}"
EndProject
Project("{FAE04EC0-301F-11D3-BF4B-00C04F79EFBC}") = "Cyarp.Sample.PublicReverseProxy", "samples\aspnet-sites-tunnel\Cyarp.Sample.PublicReverseProxy\Cyarp.Sample.PublicReverseProxy.csproj", "{30C3562E-AA5E-4A40-B73A-1E3D1495AA58}"
EndProject
Project("{FAE04EC0-301F-11D3-BF4B-00C04F79EFBC}") = "Cyarp.Sample.IntranetSite2", "samples\aspnet-sites-tunnel\Cyarp.Sample.IntranetSite2\Cyarp.Sample.IntranetSite2.csproj", "{9FFE95F2-B577-4209-BA79-21161371DB26}"
EndProject
Project("{FAE04EC0-301F-11D3-BF4B-00C04F79EFBC}") = "Cyarp.Sample.IntranetSite1", "samples\aspnet-sites-tunnel\Cyarp.Sample.IntranetSite1\Cyarp.Sample.IntranetSite1.csproj", "{8E3050F0-476C-A49B-AC58-DDE859AAF6C8}"
EndProject
Project("{FAE04EC0-301F-11D3-BF4B-00C04F79EFBC}") = "Cyarp.Sample.IntranetClient", "samples\aspnet-sites-tunnel\Cyarp.Sample.IntranetClient\Cyarp.Sample.IntranetClient.csproj", "{33FD524E-F2D7-4751-CDC3-13D46E3E54D1}"
EndProject
Project("{2150E333-8FDC-42A3-9474-1A3956D46DE8}") = "tests", "tests", "{E1F2A3B4-C5D6-47E8-9F10-A1B2C3D4E5F6}"
EndProject
Project("{FAE04EC0-301F-11D3-BF4B-00C04F79EFBC}") = "CYarp.Tests", "tests\CYarp.Tests\CYarp.Tests.csproj", "{F1E2D3C4-B5A6-4978-8E9F-0A1B2C3D4E5F}"
EndProject
Global
	GlobalSection(SolutionConfigurationPlatforms) = preSolution
		Debug|Any CPU = Debug|Any CPU
		Debug|x64 = Debug|x64
		Debug|x86 = Debug|x86
		Release|Any CPU = Release|Any CPU
		Release|x64 = Release|x64
		Release|x86 = Release|x86
	EndGlobalSection
	GlobalSection(ProjectConfigurationPlatforms) = postSolution
		{61B5A073-AC00-4EC4-995F-969FC83E38A5}.Debug|Any CPU.ActiveCfg = Debug|Any CPU
		{61B5A073-AC00-4EC4-995F-969FC83E38A5}.Debug|Any CPU.Build.0 = Debug|Any CPU
		{61B5A073-AC00-4EC4-995F-969FC83E38A5}.Debug|x64.ActiveCfg = Debug|Any CPU
		{61B5A073-AC00-4EC4-995F-969FC83E38A5}.Debug|x64.Build.0 = Debug|Any CPU
		{61B5A073-AC00-4EC4-995F-969FC83E38A5}.Debug|x86.ActiveCfg = Debug|Any CPU
		{61B5A073-AC00-4EC4-995F-969FC83E38A5}.Debug|x86.Build.0 = Debug|Any CPU
		{61B5A073-AC00-4EC4-995F-969FC83E38A5}.Release|Any CPU.ActiveCfg = Release|Any CPU
		{61B5A073-AC00-4EC4-995F-969FC83E38A5}.Release|Any CPU.Build.0 = Release|Any CPU
		{61B5A073-AC00-4EC4-995F-969FC83E38A5}.Release|x64.ActiveCfg = Release|Any CPU
		{61B5A073-AC00-4EC4-995F-969FC83E38A5}.Release|x64.Build.0 = Release|Any CPU
		{61B5A073-AC00-4EC4-995F-969FC83E38A5}.Release|x86.ActiveCfg = Release|Any CPU
		{61B5A073-AC00-4EC4-995F-969FC83E38A5}.Release|x86.Build.0 = Release|Any CPU
		{24B3528F-F950-460D-8938-2DFF1F6CDC4A}.Debug|Any CPU.ActiveCfg = Debug|Any CPU
		{24B3528F-F950-460D-8938-2DFF1F6CDC4A}.Debug|Any CPU.Build.0 = Debug|Any CPU
		{24B3528F-F950-460D-8938-2DFF1F6CDC4A}.Debug|x64.ActiveCfg = Debug|Any CPU
		{24B3528F-F950-460D-8938-2DFF1F6CDC4A}.Debug|x64.Build.0 = Debug|Any CPU
		{24B3528F-F950-460D-8938-2DFF1F6CDC4A}.Debug|x86.ActiveCfg = Debug|Any CPU
		{24B3528F-F950-460D-8938-2DFF1F6CDC4A}.Debug|x86.Build.0 = Debug|Any CPU
		{24B3528F-F950-460D-8938-2DFF1F6CDC4A}.Release|Any CPU.ActiveCfg = Release|Any CPU
		{24B3528F-F950-460D-8938-2DFF1F6CDC4A}.Release|Any CPU.Build.0 = Release|Any CPU
		{24B3528F-F950-460D-8938-2DFF1F6CDC4A}.Release|x64.ActiveCfg = Release|Any CPU
		{24B3528F-F950-460D-8938-2DFF1F6CDC4A}.Release|x64.Build.0 = Release|Any CPU
		{24B3528F-F950-460D-8938-2DFF1F6CDC4A}.Release|x86.ActiveCfg = Release|Any CPU
		{24B3528F-F950-460D-8938-2DFF1F6CDC4A}.Release|x86.Build.0 = Release|Any CPU
		{5C1264AA-FB1D-455A-85FE-CD57F95AED85}.Debug|Any CPU.ActiveCfg = Debug|Any CPU
		{5C1264AA-FB1D-455A-85FE-CD57F95AED85}.Debug|Any CPU.Build.0 = Debug|Any CPU
		{5C1264AA-FB1D-455A-85FE-CD57F95AED85}.Debug|x64.ActiveCfg = Debug|Any CPU
		{5C1264AA-FB1D-455A-85FE-CD57F95AED85}.Debug|x64.Build.0 = Debug|Any CPU
		{5C1264AA-FB1D-455A-85FE-CD57F95AED85}.Debug|x86.ActiveCfg = Debug|Any CPU
		{5C1264AA-FB1D-455A-85FE-CD57F95AED85}.Debug|x86.Build.0 = Debug|Any CPU
		{5C1264AA-FB1D-455A-85FE-CD57F95AED85}.Release|Any CPU.ActiveCfg = Release|Any CPU
		{5C1264AA-FB1D-455A-85FE-CD57F95AED85}.Release|Any CPU.Build.0 = Release|Any CPU
		{5C1264AA-FB1D-455A-85FE-CD57F95AED85}.Release|x64.ActiveCfg = Release|Any CPU
		{5C1264AA-FB1D-455A-85FE-CD57F95AED85}.Release|x64.Build.0 = Release|Any CPU
		{5C1264AA-FB1D-455A-85FE-CD57F95AED85}.Release|x86.ActiveCfg = Release|Any CPU
		{5C1264AA-FB1D-455A-85FE-CD57F95AED85}.Release|x86.Build.0 = Release|Any CPU
		{B5CF1B29-70A2-47B3-9CC7-4D13B841D581}.Debug|Any CPU.ActiveCfg = Debug|Any CPU
		{B5CF1B29-70A2-47B3-9CC7-4D13B841D581}.Debug|Any CPU.Build.0 = Debug|Any CPU
		{B5CF1B29-70A2-47B3-9CC7-4D13B841D581}.Debug|x64.ActiveCfg = Debug|Any CPU
		{B5CF1B29-70A2-47B3-9CC7-4D13B841D581}.Debug|x64.Build.0 = Debug|Any CPU
		{B5CF1B29-70A2-47B3-9CC7-4D13B841D581}.Debug|x86.ActiveCfg = Debug|Any CPU
		{B5CF1B29-70A2-47B3-9CC7-4D13B841D581}.Debug|x86.Build.0 = Debug|Any CPU
		{B5CF1B29-70A2-47B3-9CC7-4D13B841D581}.Release|Any CPU.ActiveCfg = Release|Any CPU
		{B5CF1B29-70A2-47B3-9CC7-4D13B841D581}.Release|Any CPU.Build.0 = Release|Any CPU
		{B5CF1B29-70A2-47B3-9CC7-4D13B841D581}.Release|x64.ActiveCfg = Release|Any CPU
		{B5CF1B29-70A2-47B3-9CC7-4D13B841D581}.Release|x64.Build.0 = Release|Any CPU
		{B5CF1B29-70A2-47B3-9CC7-4D13B841D581}.Release|x86.ActiveCfg = Release|Any CPU
		{B5CF1B29-70A2-47B3-9CC7-4D13B841D581}.Release|x86.Build.0 = Release|Any CPU
		{06B58580-93DB-4B75-B5FA-CB1EF3AE9633}.Debug|Any CPU.ActiveCfg = Debug|x64
		{06B58580-93DB-4B75-B5FA-CB1EF3AE9633}.Debug|Any CPU.Build.0 = Debug|x64
		{06B58580-93DB-4B75-B5FA-CB1EF3AE9633}.Debug|x64.ActiveCfg = Debug|x64
		{06B58580-93DB-4B75-B5FA-CB1EF3AE9633}.Debug|x64.Build.0 = Debug|x64
		{06B58580-93DB-4B75-B5FA-CB1EF3AE9633}.Debug|x86.ActiveCfg = Debug|Win32
		{06B58580-93DB-4B75-B5FA-CB1EF3AE9633}.Debug|x86.Build.0 = Debug|Win32
		{06B58580-93DB-4B75-B5FA-CB1EF3AE9633}.Release|Any CPU.ActiveCfg = Release|x64
		{06B58580-93DB-4B75-B5FA-CB1EF3AE9633}.Release|Any CPU.Build.0 = Release|x64
		{06B58580-93DB-4B75-B5FA-CB1EF3AE9633}.Release|x64.ActiveCfg = Release|x64
		{06B58580-93DB-4B75-B5FA-CB1EF3AE9633}.Release|x64.Build.0 = Release|x64
		{06B58580-93DB-4B75-B5FA-CB1EF3AE9633}.Release|x86.ActiveCfg = Release|Win32
		{06B58580-93DB-4B75-B5FA-CB1EF3AE9633}.Release|x86.Build.0 = Release|Win32
		{D0471529-99D7-4A4C-AE95-3CDDE9A9F127}.Debug|Any CPU.ActiveCfg = Debug|Any CPU
		{D0471529-99D7-4A4C-AE95-3CDDE9A9F127}.Debug|Any CPU.Build.0 = Debug|Any CPU
		{D0471529-99D7-4A4C-AE95-3CDDE9A9F127}.Debug|x64.ActiveCfg = Debug|Any CPU
		{D0471529-99D7-4A4C-AE95-3CDDE9A9F127}.Debug|x64.Build.0 = Debug|Any CPU
		{D0471529-99D7-4A4C-AE95-3CDDE9A9F127}.Debug|x86.ActiveCfg = Debug|Any CPU
		{D0471529-99D7-4A4C-AE95-3CDDE9A9F127}.Debug|x86.Build.0 = Debug|Any CPU
		{D0471529-99D7-4A4C-AE95-3CDDE9A9F127}.Release|Any CPU.ActiveCfg = Release|Any CPU
		{D0471529-99D7-4A4C-AE95-3CDDE9A9F127}.Release|Any CPU.Build.0 = Release|Any CPU
		{D0471529-99D7-4A4C-AE95-3CDDE9A9F127}.Release|x64.ActiveCfg = Release|Any CPU
		{D0471529-99D7-4A4C-AE95-3CDDE9A9F127}.Release|x64.Build.0 = Release|Any CPU
		{D0471529-99D7-4A4C-AE95-3CDDE9A9F127}.Release|x86.ActiveCfg = Release|Any CPU
		{D0471529-99D7-4A4C-AE95-3CDDE9A9F127}.Release|x86.Build.0 = Release|Any CPU
		{1D05987D-DE68-4BAA-B5E1-06D53ED736AF}.Debug|Any CPU.ActiveCfg = Debug|Any CPU
		{1D05987D-DE68-4BAA-B5E1-06D53ED736AF}.Debug|Any CPU.Build.0 = Debug|Any CPU
		{1D05987D-DE68-4BAA-B5E1-06D53ED736AF}.Debug|x64.ActiveCfg = Debug|Any CPU
		{1D05987D-DE68-4BAA-B5E1-06D53ED736AF}.Debug|x64.Build.0 = Debug|Any CPU
		{1D05987D-DE68-4BAA-B5E1-06D53ED736AF}.Debug|x86.ActiveCfg = Debug|Any CPU
		{1D05987D-DE68-4BAA-B5E1-06D53ED736AF}.Debug|x86.Build.0 = Debug|Any CPU
		{1D05987D-DE68-4BAA-B5E1-06D53ED736AF}.Release|Any CPU.ActiveCfg = Release|Any CPU
		{1D05987D-DE68-4BAA-B5E1-06D53ED736AF}.Release|Any CPU.Build.0 = Release|Any CPU
		{1D05987D-DE68-4BAA-B5E1-06D53ED736AF}.Release|x64.ActiveCfg = Release|Any CPU
		{1D05987D-DE68-4BAA-B5E1-06D53ED736AF}.Release|x64.Build.0 = Release|Any CPU
		{1D05987D-DE68-4BAA-B5E1-06D53ED736AF}.Release|x86.ActiveCfg = Release|Any CPU
		{1D05987D-DE68-4BAA-B5E1-06D53ED736AF}.Release|x86.Build.0 = Release|Any CPU
		{9D6CE7B3-759D-4F00-9A88-37A06124298A}.Debug|Any CPU.ActiveCfg = Debug|Any CPU
		{9D6CE7B3-759D-4F00-9A88-37A06124298A}.Debug|Any CPU.Build.0 = Debug|Any CPU
		{9D6CE7B3-759D-4F00-9A88-37A06124298A}.Debug|x64.ActiveCfg = Debug|Any CPU
		{9D6CE7B3-759D-4F00-9A88-37A06124298A}.Debug|x64.Build.0 = Debug|Any CPU
		{9D6CE7B3-759D-4F00-9A88-37A06124298A}.Debug|x86.ActiveCfg = Debug|Any CPU
		{9D6CE7B3-759D-4F00-9A88-37A06124298A}.Debug|x86.Build.0 = Debug|Any CPU
		{9D6CE7B3-759D-4F00-9A88-37A06124298A}.Release|Any CPU.ActiveCfg = Release|Any CPU
		{9D6CE7B3-759D-4F00-9A88-37A06124298A}.Release|Any CPU.Build.0 = Release|Any CPU
		{9D6CE7B3-759D-4F00-9A88-37A06124298A}.Release|x64.ActiveCfg = Release|Any CPU
		{9D6CE7B3-759D-4F00-9A88-37A06124298A}.Release|x64.Build.0 = Release|Any CPU
		{9D6CE7B3-759D-4F00-9A88-37A06124298A}.Release|x86.ActiveCfg = Release|Any CPU
		{9D6CE7B3-759D-4F00-9A88-37A06124298A}.Release|x86.Build.0 = Release|Any CPU
		{38EBAC9B-2D21-4915-A134-17EDB64FBB96}.Debug|Any CPU.ActiveCfg = Debug|Any CPU
		{38EBAC9B-2D21-4915-A134-17EDB64FBB96}.Debug|Any CPU.Build.0 = Debug|Any CPU
		{38EBAC9B-2D21-4915-A134-17EDB64FBB96}.Debug|x64.ActiveCfg = Debug|Any CPU
		{38EBAC9B-2D21-4915-A134-17EDB64FBB96}.Debug|x64.Build.0 = Debug|Any CPU
		{38EBAC9B-2D21-4915-A134-17EDB64FBB96}.Debug|x86.ActiveCfg = Debug|Any CPU
		{38EBAC9B-2D21-4915-A134-17EDB64FBB96}.Debug|x86.Build.0 = Debug|Any CPU
		{38EBAC9B-2D21-4915-A134-17EDB64FBB96}.Release|Any CPU.ActiveCfg = Release|Any CPU
		{38EBAC9B-2D21-4915-A134-17EDB64FBB96}.Release|Any CPU.Build.0 = Release|Any CPU
		{38EBAC9B-2D21-4915-A134-17EDB64FBB96}.Release|x64.ActiveCfg = Release|Any CPU
		{38EBAC9B-2D21-4915-A134-17EDB64FBB96}.Release|x64.Build.0 = Release|Any CPU
		{38EBAC9B-2D21-4915-A134-17EDB64FBB96}.Release|x86.ActiveCfg = Release|Any CPU
		{38EBAC9B-2D21-4915-A134-17EDB64FBB96}.Release|x86.Build.0 = Release|Any CPU
		{30C3562E-AA5E-4A40-B73A-1E3D1495AA58}.Debug|Any CPU.ActiveCfg = Debug|Any CPU
		{30C3562E-AA5E-4A40-B73A-1E3D1495AA58}.Debug|Any CPU.Build.0 = Debug|Any CPU
		{30C3562E-AA5E-4A40-B73A-1E3D1495AA58}.Debug|x64.ActiveCfg = Debug|Any CPU
		{30C3562E-AA5E-4A40-B73A-1E3D1495AA58}.Debug|x64.Build.0 = Debug|Any CPU
		{30C3562E-AA5E-4A40-B73A-1E3D1495AA58}.Debug|x86.ActiveCfg = Debug|Any CPU
		{30C3562E-AA5E-4A40-B73A-1E3D1495AA58}.Debug|x86.Build.0 = Debug|Any CPU
		{30C3562E-AA5E-4A40-B73A-1E3D1495AA58}.Release|Any CPU.ActiveCfg = Release|Any CPU
		{30C3562E-AA5E-4A40-B73A-1E3D1495AA58}.Release|Any CPU.Build.0 = Release|Any CPU
		{30C3562E-AA5E-4A40-B73A-1E3D1495AA58}.Release|x64.ActiveCfg = Release|Any CPU
		{30C3562E-AA5E-4A40-B73A-1E3D1495AA58}.Release|x64.Build.0 = Release|Any CPU
		{30C3562E-AA5E-4A40-B73A-1E3D1495AA58}.Release|x86.ActiveCfg = Release|Any CPU
		{30C3562E-AA5E-4A40-B73A-1E3D1495AA58}.Release|x86.Build.0 = Release|Any CPU
		{9FFE95F2-B577-4209-BA79-21161371DB26}.Debug|Any CPU.ActiveCfg = Debug|Any CPU
		{9FFE95F2-B577-4209-BA79-21161371DB26}.Debug|Any CPU.Build.0 = Debug|Any CPU
		{9FFE95F2-B577-4209-BA79-21161371DB26}.Debug|x64.ActiveCfg = Debug|Any CPU
		{9FFE95F2-B577-4209-BA79-21161371DB26}.Debug|x64.Build.0 = Debug|Any CPU
		{9FFE95F2-B577-4209-BA79-21161371DB26}.Debug|x86.ActiveCfg = Debug|Any CPU
		{9FFE95F2-B577-4209-BA79-21161371DB26}.Debug|x86.Build.0 = Debug|Any CPU
		{9FFE95F2-B577-4209-BA79-21161371DB26}.Release|Any CPU.ActiveCfg = Release|Any CPU
		{9FFE95F2-B577-4209-BA79-21161371DB26}.Release|Any CPU.Build.0 = Release|Any CPU
		{9FFE95F2-B577-4209-BA79-21161371DB26}.Release|x64.ActiveCfg = Release|Any CPU
		{9FFE95F2-B577-4209-BA79-21161371DB26}.Release|x64.Build.0 = Release|Any CPU
		{9FFE95F2-B577-4209-BA79-21161371DB26}.Release|x86.ActiveCfg = Release|Any CPU
		{9FFE95F2-B577-4209-BA79-21161371DB26}.Release|x86.Build.0 = Release|Any CPU
		{8E3050F0-476C-A49B-AC58-DDE859AAF6C8}.Debug|Any CPU.ActiveCfg = Debug|Any CPU
		{8E3050F0-476C-A49B-AC58-DDE859AAF6C8}.Debug|Any CPU.Build.0 = Debug|Any CPU
		{8E3050F0-476C-A49B-AC58-DDE859AAF6C8}.Debug|x64.ActiveCfg = Debug|Any CPU
		{8E3050F0-476C-A49B-AC58-DDE859AAF6C8}.Debug|x64.Build.0 = Debug|Any CPU
		{8E3050F0-476C-A49B-AC58-DDE859AAF6C8}.Debug|x86.ActiveCfg = Debug|Any CPU
		{8E3050F0-476C-A49B-AC58-DDE859AAF6C8}.Debug|x86.Build.0 = Debug|Any CPU
		{8E3050F0-476C-A49B-AC58-DDE859AAF6C8}.Release|Any CPU.ActiveCfg = Release|Any CPU
		{8E3050F0-476C-A49B-AC58-DDE859AAF6C8}.Release|Any CPU.Build.0 = Release|Any CPU
		{8E3050F0-476C-A49B-AC58-DDE859AAF6C8}.Release|x64.ActiveCfg = Release|Any CPU
		{8E3050F0-476C-A49B-AC58-DDE859AAF6C8}.Release|x64.Build.0 = Release|Any CPU
		{8E3050F0-476C-A49B-AC58-DDE859AAF6C8}.Release|x86.ActiveCfg = Release|Any CPU
		{8E3050F0-476C-A49B-AC58-DDE859AAF6C8}.Release|x86.Build.0 = Release|Any CPU
		{33FD524E-F2D7-4751-CDC3-13D46E3E54D1}.Debug|Any CPU.ActiveCfg = Debug|Any CPU
		{33FD524E-F2D7-4751-CDC3-13D46E3E54D1}.Debug|Any CPU.Build.0 = Debug|Any CPU
		{33FD524E-F2D7-4751-CDC3-13D46E3E54D1}.Debug|x64.ActiveCfg = Debug|Any CPU
		{33FD524E-F2D7-4751-CDC3-13D46E3E54D1}.Debug|x64.Build.0 = Debug|Any CPU
		{33FD524E-F2D7-4751-CDC3-13D46E3E54D1}.Debug|x86.ActiveCfg = Debug|Any CPU
		{33FD524E-F2D7-4751-CDC3-13D46E3E54D1}.Debug|x86.Build.0 = Debug|Any CPU
		{33FD524E-F2D7-4751-CDC3-13D46E3E54D1}.Release|Any CPU.ActiveCfg = Release|Any CPU
		{33FD524E-F2D7-4751-CDC3-13D46E3E54D1}.Release|Any CPU.Build.0 = Release|Any CPU
		{33FD524E-F2D7-4751-CDC3-13D46E3E54D1}.Release|x64.ActiveCfg = Release|Any CPU
		{33FD524E-F2D7-4751-CDC3-13D46E3E54D1}.Release|x64.Build.0 = Release|Any CPU
		{33FD524E-F2D7-4751-CDC3-13D46E3E54D1}.Release|x86.ActiveCfg = Release|Any CPU
		{33FD524E-F2D7-4751-CDC3-13D46E3E54D1}.Release|x86.Build.0 = Release|Any CPU
		{F1E2D3C4-B5A6-4978-8E9F-0A1B2C3D4E5F}.Debug|Any CPU.ActiveCfg = Debug|Any CPU
		{F1E2D3C4-B5A6-4978-8E9F-0A1B2C3D4E5F}.Debug|Any CPU.Build.0 = Debug|Any CPU
		{F1E2D3C4-B5A6-4978-8E9F-0A1B2C3D4E5F}.Debug|x64.ActiveCfg = Debug|Any CPU
		{F1E2D3C4-B5A6-4978-8E9F-0A1B2C3D4E5F}.Debug|x64.Build.0 = Debug|Any CPU
		{F1E2D3C4-B5A6-4978-8E9F-0A1B2C3D4E5F}.Debug|x86.ActiveCfg = Debug|Any CPU
		{F1E2D3C4-B5A6-4978-8E9F-0A1B2C3D4E5F}.Debug|x86.Build.0 = Debug|Any CPU
		{F1E2D3C4-B5A6-4978-8E9F-0A1B2C3D4E5F}.Release|Any CPU.ActiveCfg = Release|Any CPU
		{F1E2D3C4-B5A6-4978-8E9F-0A1B2C3D4E5F}.Release|Any CPU.Build.0 = Release|Any CPU
		{F1E2D3C4-B5A6-4978-8E9F-0A1B2C3D4E5F}.Release|x64.ActiveCfg = Release|Any CPU
		{F1E2D3C4-B5A6-4978-8E9F-0A1B2C3D4E5F}.Release|x64.Build.0 = Release|Any CPU
		{F1E2D3C4-B5A6-4978-8E9F-0A1B2C3D4E5F}.Release|x86.ActiveCfg = Release|Any CPU
		{F1E2D3C4-B5A6-4978-8E9F-0A1B2C3D4E5F}.Release|x86.Build.0 = Release|Any CPU
	EndGlobalSection
	GlobalSection(SolutionProperties) = preSolution
		HideSolutionNode = FALSE
	EndGlobalSection
	GlobalSection(NestedProjects) = preSolution
		{5C1264AA-FB1D-455A-85FE-CD57F95AED85} = {543DF450-E9F2-409D-8A33-53D553E16CB8}
		{B5CF1B29-70A2-47B3-9CC7-4D13B841D581} = {543DF450-E9F2-409D-8A33-53D553E16CB8}
		{06B58580-93DB-4B75-B5FA-CB1EF3AE9633} = {543DF450-E9F2-409D-8A33-53D553E16CB8}
		{D0471529-99D7-4A4C-AE95-3CDDE9A9F127} = {543DF450-E9F2-409D-8A33-53D553E16CB8}
		{1D05987D-DE68-4BAA-B5E1-06D53ED736AF} = {543DF450-E9F2-409D-8A33-53D553E16CB8}
		{38EBAC9B-2D21-4915-A134-17EDB64FBB96} = {543DF450-E9F2-409D-8A33-53D553E16CB8}
		{1C045261-DF28-4C62-BED5-D1F32D2D116E} = {02EA681E-C7D8-13C7-8484-4AC65E1B71E8}
		{30C3562E-AA5E-4A40-B73A-1E3D1495AA58} = {1C045261-DF28-4C62-BED5-D1F32D2D116E}
		{9FFE95F2-B577-4209-BA79-21161371DB26} = {1C045261-DF28-4C62-BED5-D1F32D2D116E}
		{8E3050F0-476C-A49B-AC58-DDE859AAF6C8} = {1C045261-DF28-4C62-BED5-D1F32D2D116E}
		{33FD524E-F2D7-4751-CDC3-13D46E3E54D1} = {1C045261-DF28-4C62-BED5-D1F32D2D116E}
		{F1E2D3C4-B5A6-4978-8E9F-0A1B2C3D4E5F} = {E1F2A3B4-C5D6-47E8-9F10-A1B2C3D4E5F6}
	EndGlobalSection
	GlobalSection(ExtensibilityGlobals) = postSolution
		SolutionGuid = {1AB70BBE-452D-4C89-870A-192AF6858391}
	EndGlobalSection
EndGlobal
